
Microsoft Visual Studio Solution File, Format Version 12.00
# Visual Studio Version 17
VisualStudioVersion = 17.11.35222.181
MinimumVisualStudioVersion = 10.0.40219.1
Project("{9A19103F-16F7-4668-BE54-9A1E7A4F7556}") = "Assignment3-ATM Application", "Assignment3-ATM Application\Assignment3-ATM Application.csproj", "{7EFF7977-A964-40A3-A46B-696506FEAE3C}"
EndProject
Global
	GlobalSection(SolutionConfigurationPlatforms) = preSolution
		Debug|Any CPU = Debug|Any CPU
		Release|Any CPU = Release|Any CPU
	EndGlobalSection
	GlobalSection(ProjectConfigurationPlatforms) = postSolution
		{7EFF7977-A964-40A3-A46B-696506FEAE3C}.Debug|Any CPU.ActiveCfg = Debug|Any CPU
		{7EFF7977-A964-40A3-A46B-696506FEAE3C}.Debug|Any CPU.Build.0 = Debug|Any CPU
		{7EFF7977-A964-40A3-A46B-696506FEAE3C}.Release|Any CPU.ActiveCfg = Release|Any CPU
		{7EFF7977-A964-40A3-A46B-696506FEAE3C}.Release|Any CPU.Build.0 = Release|Any CPU
	EndGlobalSection
	GlobalSection(SolutionProperties) = preSolution
		HideSolutionNode = FALSE
	EndGlobalSection
	GlobalSection(ExtensibilityGlobals) = postSolution
		SolutionGuid = {0E8925D1-91AC-4692-96D3-6C6FDFB1F30B}
	EndGlobalSection
EndGlobal
